
Microsoft Visual Studio Solution File, Format Version 12.00
# Visual Studio Version 17
VisualStudioVersion = 17.6.33829.357
MinimumVisualStudioVersion = 10.0.40219.1
Project("{FAE04EC0-301F-11D3-BF4B-00C04F79EFBC}") = "ComparePrices", "ComparePrices\ComparePrices.csproj", "{7523C4E6-280E-47A9-BAC9-3B08E6F565EA}"
EndProject
Global
	GlobalSection(SolutionConfigurationPlatforms) = preSolution
		Debug|Any CPU = Debug|Any CPU
		Release|Any CPU = Release|Any CPU
	EndGlobalSection
	GlobalSection(ProjectConfigurationPlatforms) = postSolution
		{7523C4E6-280E-47A9-BAC9-3B08E6F565EA}.Debug|Any CPU.ActiveCfg = Debug|Any CPU
		{7523C4E6-280E-47A9-BAC9-3B08E6F565EA}.Debug|Any CPU.Build.0 = Debug|Any CPU
		{7523C4E6-280E-47A9-BAC9-3B08E6F565EA}.Release|Any CPU.ActiveCfg = Release|Any CPU
		{7523C4E6-280E-47A9-BAC9-3B08E6F565EA}.Release|Any CPU.Build.0 = Release|Any CPU
	EndGlobalSection
	GlobalSection(SolutionProperties) = preSolution
		HideSolutionNode = FALSE
	EndGlobalSection
	GlobalSection(ExtensibilityGlobals) = postSolution
		SolutionGuid = {1CE0BB7F-67AC-46CD-908B-6AB7C4D4DD12}
	EndGlobalSection
EndGlobal
